
Microsoft Visual Studio Solution File, Format Version 12.00
# Visual Studio Version 16
VisualStudioVersion = 16.0.30330.147
MinimumVisualStudioVersion = 10.0.40219.1
Project("{FAE04EC0-301F-11D3-BF4B-00C04F79EFBC}") = "RPTApi Core", "RPTApi Core\RPTApi Core.csproj", "{078A7212-9DD9-4CFC-84ED-B72E1FC7EE8A}"
EndProject
Project("{FAE04EC0-301F-11D3-BF4B-00C04F79EFBC}") = "RPTApi Tests", "RPTApi Tests\RPTApi Tests.csproj", "{491134C9-E565-407B-960E-CFB45AF1ECC9}"
EndProject
Project("{FAE04EC0-301F-11D3-BF4B-00C04F79EFBC}") = "RPTApiTelegramAdminApp", "RPTApiTelegramAdminApp\RPTApiTelegramAdminApp.csproj", "{08B337A5-9811-468D-8748-3FB4934E3991}"
EndProject
Global
	GlobalSection(SolutionConfigurationPlatforms) = preSolution
		Debug|Any CPU = Debug|Any CPU
		Release|Any CPU = Release|Any CPU
	EndGlobalSection
	GlobalSection(ProjectConfigurationPlatforms) = postSolution
		{078A7212-9DD9-4CFC-84ED-B72E1FC7EE8A}.Debug|Any CPU.ActiveCfg = Debug|Any CPU
		{078A7212-9DD9-4CFC-84ED-B72E1FC7EE8A}.Debug|Any CPU.Build.0 = Debug|Any CPU
		{078A7212-9DD9-4CFC-84ED-B72E1FC7EE8A}.Release|Any CPU.ActiveCfg = Release|Any CPU
		{078A7212-9DD9-4CFC-84ED-B72E1FC7EE8A}.Release|Any CPU.Build.0 = Release|Any CPU
		{491134C9-E565-407B-960E-CFB45AF1ECC9}.Debug|Any CPU.ActiveCfg = Debug|Any CPU
		{491134C9-E565-407B-960E-CFB45AF1ECC9}.Debug|Any CPU.Build.0 = Debug|Any CPU
		{491134C9-E565-407B-960E-CFB45AF1ECC9}.Release|Any CPU.ActiveCfg = Release|Any CPU
		{491134C9-E565-407B-960E-CFB45AF1ECC9}.Release|Any CPU.Build.0 = Release|Any CPU
		{08B337A5-9811-468D-8748-3FB4934E3991}.Debug|Any CPU.ActiveCfg = Debug|Any CPU
		{08B337A5-9811-468D-8748-3FB4934E3991}.Debug|Any CPU.Build.0 = Debug|Any CPU
		{08B337A5-9811-468D-8748-3FB4934E3991}.Release|Any CPU.ActiveCfg = Release|Any CPU
		{08B337A5-9811-468D-8748-3FB4934E3991}.Release|Any CPU.Build.0 = Release|Any CPU
	EndGlobalSection
	GlobalSection(SolutionProperties) = preSolution
		HideSolutionNode = FALSE
	EndGlobalSection
	GlobalSection(ExtensibilityGlobals) = postSolution
		SolutionGuid = {1DA2360B-43A3-4ADE-B3C2-F4DFB59C3C9C}
	EndGlobalSection
EndGlobal
